
Microsoft Visual Studio Solution File, Format Version 12.00
# Visual Studio 15
VisualStudioVersion = 15.0.27703.2035
MinimumVisualStudioVersion = 10.0.40219.1
Project("{FAE04EC0-301F-11D3-BF4B-00C04F79EFBC}") = "EcommerceApp.Android", "EcommerceApp\EcommerceApp.Android\EcommerceApp.Android.csproj", "{655254DD-F688-4ADB-A603-4DB747A96BDD}"
EndProject
Project("{FAE04EC0-301F-11D3-BF4B-00C04F79EFBC}") = "EcommerceApp.iOS", "EcommerceApp\EcommerceApp.iOS\EcommerceApp.iOS.csproj", "{4630DFFC-7887-406B-8CB7-10DE3B93AC6D}"
EndProject
Project("{FAE04EC0-301F-11D3-BF4B-00C04F79EFBC}") = "EcommerceApp.UWP", "EcommerceApp\EcommerceApp.UWP\EcommerceApp.UWP.csproj", "{201B6F34-ED2D-47C7-80E0-288948ACE38B}"
EndProject
Project("{D954291E-2A0B-460D-934E-DC6B0785DB48}") = "EcommerceApp", "EcommerceApp\EcommerceApp\EcommerceApp.shproj", "{85CF5C90-65E2-4880-B0EB-24FCF3439D49}"
EndProject
Global
	GlobalSection(SharedMSBuildProjectFiles) = preSolution
		EcommerceApp\EcommerceApp\EcommerceApp.projitems*{201b6f34-ed2d-47c7-80e0-288948ace38b}*SharedItemsImports = 4
		EcommerceApp\EcommerceApp\EcommerceApp.projitems*{4630dffc-7887-406b-8cb7-10de3b93ac6d}*SharedItemsImports = 4
		EcommerceApp\EcommerceApp\EcommerceApp.projitems*{655254dd-f688-4adb-a603-4db747a96bdd}*SharedItemsImports = 4
		EcommerceApp\EcommerceApp\EcommerceApp.projitems*{85cf5c90-65e2-4880-b0eb-24fcf3439d49}*SharedItemsImports = 13
	EndGlobalSection
	GlobalSection(SolutionConfigurationPlatforms) = preSolution
		Ad-Hoc|Any CPU = Ad-Hoc|Any CPU
		Ad-Hoc|ARM = Ad-Hoc|ARM
		Ad-Hoc|iPhone = Ad-Hoc|iPhone
		Ad-Hoc|iPhoneSimulator = Ad-Hoc|iPhoneSimulator
		Ad-Hoc|x64 = Ad-Hoc|x64
		Ad-Hoc|x86 = Ad-Hoc|x86
		AppStore|Any CPU = AppStore|Any CPU
		AppStore|ARM = AppStore|ARM
		AppStore|iPhone = AppStore|iPhone
		AppStore|iPhoneSimulator = AppStore|iPhoneSimulator
		AppStore|x64 = AppStore|x64
		AppStore|x86 = AppStore|x86
		Debug|Any CPU = Debug|Any CPU
		Debug|ARM = Debug|ARM
		Debug|iPhone = Debug|iPhone
		Debug|iPhoneSimulator = Debug|iPhoneSimulator
		Debug|x64 = Debug|x64
		Debug|x86 = Debug|x86
		Release|Any CPU = Release|Any CPU
		Release|ARM = Release|ARM
		Release|iPhone = Release|iPhone
		Release|iPhoneSimulator = Release|iPhoneSimulator
		Release|x64 = Release|x64
		Release|x86 = Release|x86
	EndGlobalSection
	GlobalSection(ProjectConfigurationPlatforms) = postSolution
		{655254DD-F688-4ADB-A603-4DB747A96BDD}.Ad-Hoc|Any CPU.ActiveCfg = Release|Any CPU
		{655254DD-F688-4ADB-A603-4DB747A96BDD}.Ad-Hoc|Any CPU.Build.0 = Release|Any CPU
		{655254DD-F688-4ADB-A603-4DB747A96BDD}.Ad-Hoc|Any CPU.Deploy.0 = Release|Any CPU
		{655254DD-F688-4ADB-A603-4DB747A96BDD}.Ad-Hoc|ARM.ActiveCfg = Release|Any CPU
		{655254DD-F688-4ADB-A603-4DB747A96BDD}.Ad-Hoc|ARM.Build.0 = Release|Any CPU
		{655254DD-F688-4ADB-A603-4DB747A96BDD}.Ad-Hoc|ARM.Deploy.0 = Release|Any CPU
		{655254DD-F688-4ADB-A603-4DB747A96BDD}.Ad-Hoc|iPhone.ActiveCfg = Release|Any CPU
		{655254DD-F688-4ADB-A603-4DB747A96BDD}.Ad-Hoc|iPhone.Build.0 = Release|Any CPU
		{655254DD-F688-4ADB-A603-4DB747A96BDD}.Ad-Hoc|iPhone.Deploy.0 = Release|Any CPU
		{655254DD-F688-4ADB-A603-4DB747A96BDD}.Ad-Hoc|iPhoneSimulator.ActiveCfg = Release|Any CPU
		{655254DD-F688-4ADB-A603-4DB747A96BDD}.Ad-Hoc|iPhoneSimulator.Build.0 = Release|Any CPU
		{655254DD-F688-4ADB-A603-4DB747A96BDD}.Ad-Hoc|iPhoneSimulator.Deploy.0 = Release|Any CPU
		{655254DD-F688-4ADB-A603-4DB747A96BDD}.Ad-Hoc|x64.ActiveCfg = Release|Any CPU
		{655254DD-F688-4ADB-A603-4DB747A96BDD}.Ad-Hoc|x64.Build.0 = Release|Any CPU
		{655254DD-F688-4ADB-A603-4DB747A96BDD}.Ad-Hoc|x64.Deploy.0 = Release|Any CPU
		{655254DD-F688-4ADB-A603-4DB747A96BDD}.Ad-Hoc|x86.ActiveCfg = Release|Any CPU
		{655254DD-F688-4ADB-A603-4DB747A96BDD}.Ad-Hoc|x86.Build.0 = Release|Any CPU
		{655254DD-F688-4ADB-A603-4DB747A96BDD}.Ad-Hoc|x86.Deploy.0 = Release|Any CPU
		{655254DD-F688-4ADB-A603-4DB747A96BDD}.AppStore|Any CPU.ActiveCfg = Release|Any CPU
		{655254DD-F688-4ADB-A603-4DB747A96BDD}.AppStore|Any CPU.Build.0 = Release|Any CPU
		{655254DD-F688-4ADB-A603-4DB747A96BDD}.AppStore|Any CPU.Deploy.0 = Release|Any CPU
		{655254DD-F688-4ADB-A603-4DB747A96BDD}.AppStore|ARM.ActiveCfg = Release|Any CPU
		{655254DD-F688-4ADB-A603-4DB747A96BDD}.AppStore|ARM.Build.0 = Release|Any CPU
		{655254DD-F688-4ADB-A603-4DB747A96BDD}.AppStore|ARM.Deploy.0 = Release|Any CPU
		{655254DD-F688-4ADB-A603-4DB747A96BDD}.AppStore|iPhone.ActiveCfg = Release|Any CPU
		{655254DD-F688-4ADB-A603-4DB747A96BDD}.AppStore|iPhone.Build.0 = Release|Any CPU
		{655254DD-F688-4ADB-A603-4DB747A96BDD}.AppStore|iPhone.Deploy.0 = Release|Any CPU
		{655254DD-F688-4ADB-A603-4DB747A96BDD}.AppStore|iPhoneSimulator.ActiveCfg = Release|Any CPU
		{655254DD-F688-4ADB-A603-4DB747A96BDD}.AppStore|iPhoneSimulator.Build.0 = Release|Any CPU
		{655254DD-F688-4ADB-A603-4DB747A96BDD}.AppStore|iPhoneSimulator.Deploy.0 = Release|Any CPU
		{655254DD-F688-4ADB-A603-4DB747A96BDD}.AppStore|x64.ActiveCfg = Release|Any CPU
		{655254DD-F688-4ADB-A603-4DB747A96BDD}.AppStore|x64.Build.0 = Release|Any CPU
		{655254DD-F688-4ADB-A603-4DB747A96BDD}.AppStore|x64.Deploy.0 = Release|Any CPU
		{655254DD-F688-4ADB-A603-4DB747A96BDD}.AppStore|x86.ActiveCfg = Release|Any CPU
		{655254DD-F688-4ADB-A603-4DB747A96BDD}.AppStore|x86.Build.0 = Release|Any CPU
		{655254DD-F688-4ADB-A603-4DB747A96BDD}.AppStore|x86.Deploy.0 = Release|Any CPU
		{655254DD-F688-4ADB-A603-4DB747A96BDD}.Debug|Any CPU.ActiveCfg = Debug|Any CPU
		{655254DD-F688-4ADB-A603-4DB747A96BDD}.Debug|Any CPU.Build.0 = Debug|Any CPU
		{655254DD-F688-4ADB-A603-4DB747A96BDD}.Debug|Any CPU.Deploy.0 = Debug|Any CPU
		{655254DD-F688-4ADB-A603-4DB747A96BDD}.Debug|ARM.ActiveCfg = Debug|Any CPU
		{655254DD-F688-4ADB-A603-4DB747A96BDD}.Debug|ARM.Build.0 = Debug|Any CPU
		{655254DD-F688-4ADB-A603-4DB747A96BDD}.Debug|ARM.Deploy.0 = Debug|Any CPU
		{655254DD-F688-4ADB-A603-4DB747A96BDD}.Debug|iPhone.ActiveCfg = Debug|Any CPU
		{655254DD-F688-4ADB-A603-4DB747A96BDD}.Debug|iPhone.Build.0 = Debug|Any CPU
		{655254DD-F688-4ADB-A603-4DB747A96BDD}.Debug|iPhone.Deploy.0 = Debug|Any CPU
		{655254DD-F688-4ADB-A603-4DB747A96BDD}.Debug|iPhoneSimulator.ActiveCfg = Debug|Any CPU
		{655254DD-F688-4ADB-A603-4DB747A96BDD}.Debug|iPhoneSimulator.Build.0 = Debug|Any CPU
		{655254DD-F688-4ADB-A603-4DB747A96BDD}.Debug|iPhoneSimulator.Deploy.0 = Debug|Any CPU
		{655254DD-F688-4ADB-A603-4DB747A96BDD}.Debug|x64.ActiveCfg = Debug|Any CPU
		{655254DD-F688-4ADB-A603-4DB747A96BDD}.Debug|x64.Build.0 = Debug|Any CPU
		{655254DD-F688-4ADB-A603-4DB747A96BDD}.Debug|x64.Deploy.0 = Debug|Any CPU
		{655254DD-F688-4ADB-A603-4DB747A96BDD}.Debug|x86.ActiveCfg = Debug|Any CPU
		{655254DD-F688-4ADB-A603-4DB747A96BDD}.Debug|x86.Build.0 = Debug|Any CPU
		{655254DD-F688-4ADB-A603-4DB747A96BDD}.Debug|x86.Deploy.0 = Debug|Any CPU
		{655254DD-F688-4ADB-A603-4DB747A96BDD}.Release|Any CPU.ActiveCfg = Release|Any CPU
		{655254DD-F688-4ADB-A603-4DB747A96BDD}.Release|Any CPU.Build.0 = Release|Any CPU
		{655254DD-F688-4ADB-A603-4DB747A96BDD}.Release|Any CPU.Deploy.0 = Release|Any CPU
		{655254DD-F688-4ADB-A603-4DB747A96BDD}.Release|ARM.ActiveCfg = Release|Any CPU
		{655254DD-F688-4ADB-A603-4DB747A96BDD}.Release|ARM.Build.0 = Release|Any CPU
		{655254DD-F688-4ADB-A603-4DB747A96BDD}.Release|ARM.Deploy.0 = Release|Any CPU
		{655254DD-F688-4ADB-A603-4DB747A96BDD}.Release|iPhone.ActiveCfg = Release|Any CPU
		{655254DD-F688-4ADB-A603-4DB747A96BDD}.Release|iPhone.Build.0 = Release|Any CPU
		{655254DD-F688-4ADB-A603-4DB747A96BDD}.Release|iPhone.Deploy.0 = Release|Any CPU
		{655254DD-F688-4ADB-A603-4DB747A96BDD}.Release|iPhoneSimulator.ActiveCfg = Release|Any CPU
		{655254DD-F688-4ADB-A603-4DB747A96BDD}.Release|iPhoneSimulator.Build.0 = Release|Any CPU
		{655254DD-F688-4ADB-A603-4DB747A96BDD}.Release|iPhoneSimulator.Deploy.0 = Release|Any CPU
		{655254DD-F688-4ADB-A603-4DB747A96BDD}.Release|x64.ActiveCfg = Release|Any CPU
		{655254DD-F688-4ADB-A603-4DB747A96BDD}.Release|x64.Build.0 = Release|Any CPU
		{655254DD-F688-4ADB-A603-4DB747A96BDD}.Release|x64.Deploy.0 = Release|Any CPU
		{655254DD-F688-4ADB-A603-4DB747A96BDD}.Release|x86.ActiveCfg = Release|Any CPU
		{655254DD-F688-4ADB-A603-4DB747A96BDD}.Release|x86.Build.0 = Release|Any CPU
		{655254DD-F688-4ADB-A603-4DB747A96BDD}.Release|x86.Deploy.0 = Release|Any CPU
		{4630DFFC-7887-406B-8CB7-10DE3B93AC6D}.Ad-Hoc|Any CPU.ActiveCfg = Ad-Hoc|iPhone
		{4630DFFC-7887-406B-8CB7-10DE3B93AC6D}.Ad-Hoc|Any CPU.Build.0 = Ad-Hoc|iPhone
		{4630DFFC-7887-406B-8CB7-10DE3B93AC6D}.Ad-Hoc|Any CPU.Deploy.0 = Ad-Hoc|iPhone
		{4630DFFC-7887-406B-8CB7-10DE3B93AC6D}.Ad-Hoc|ARM.ActiveCfg = Ad-Hoc|iPhone
		{4630DFFC-7887-406B-8CB7-10DE3B93AC6D}.Ad-Hoc|ARM.Build.0 = Ad-Hoc|iPhone
		{4630DFFC-7887-406B-8CB7-10DE3B93AC6D}.Ad-Hoc|ARM.Deploy.0 = Ad-Hoc|iPhone
		{4630DFFC-7887-406B-8CB7-10DE3B93AC6D}.Ad-Hoc|iPhone.ActiveCfg = Ad-Hoc|iPhone
		{4630DFFC-7887-406B-8CB7-10DE3B93AC6D}.Ad-Hoc|iPhone.Build.0 = Ad-Hoc|iPhone
		{4630DFFC-7887-406B-8CB7-10DE3B93AC6D}.Ad-Hoc|iPhone.Deploy.0 = Ad-Hoc|iPhone
		{4630DFFC-7887-406B-8CB7-10DE3B93AC6D}.Ad-Hoc|iPhoneSimulator.ActiveCfg = Ad-Hoc|iPhoneSimulator
		{4630DFFC-7887-406B-8CB7-10DE3B93AC6D}.Ad-Hoc|iPhoneSimulator.Build.0 = Ad-Hoc|iPhoneSimulator
		{4630DFFC-7887-406B-8CB7-10DE3B93AC6D}.Ad-Hoc|iPhoneSimulator.Deploy.0 = Ad-Hoc|iPhoneSimulator
		{4630DFFC-7887-406B-8CB7-10DE3B93AC6D}.Ad-Hoc|x64.ActiveCfg = Ad-Hoc|iPhone
		{4630DFFC-7887-406B-8CB7-10DE3B93AC6D}.Ad-Hoc|x64.Build.0 = Ad-Hoc|iPhone
		{4630DFFC-7887-406B-8CB7-10DE3B93AC6D}.Ad-Hoc|x64.Deploy.0 = Ad-Hoc|iPhone
		{4630DFFC-7887-406B-8CB7-10DE3B93AC6D}.Ad-Hoc|x86.ActiveCfg = Ad-Hoc|iPhone
		{4630DFFC-7887-406B-8CB7-10DE3B93AC6D}.Ad-Hoc|x86.Build.0 = Ad-Hoc|iPhone
		{4630DFFC-7887-406B-8CB7-10DE3B93AC6D}.Ad-Hoc|x86.Deploy.0 = Ad-Hoc|iPhone
		{4630DFFC-7887-406B-8CB7-10DE3B93AC6D}.AppStore|Any CPU.ActiveCfg = AppStore|iPhone
		{4630DFFC-7887-406B-8CB7-10DE3B93AC6D}.AppStore|Any CPU.Build.0 = AppStore|iPhone
		{4630DFFC-7887-406B-8CB7-10DE3B93AC6D}.AppStore|Any CPU.Deploy.0 = AppStore|iPhone
		{4630DFFC-7887-406B-8CB7-10DE3B93AC6D}.AppStore|ARM.ActiveCfg = AppStore|iPhone
		{4630DFFC-7887-406B-8CB7-10DE3B93AC6D}.AppStore|ARM.Build.0 = AppStore|iPhone
		{4630DFFC-7887-406B-8CB7-10DE3B93AC6D}.AppStore|ARM.Deploy.0 = AppStore|iPhone
		{4630DFFC-7887-406B-8CB7-10DE3B93AC6D}.AppStore|iPhone.ActiveCfg = AppStore|iPhone
		{4630DFFC-7887-406B-8CB7-10DE3B93AC6D}.AppStore|iPhone.Build.0 = AppStore|iPhone
		{4630DFFC-7887-406B-8CB7-10DE3B93AC6D}.AppStore|iPhone.Deploy.0 = AppStore|iPhone
		{4630DFFC-7887-406B-8CB7-10DE3B93AC6D}.AppStore|iPhoneSimulator.ActiveCfg = AppStore|iPhoneSimulator
		{4630DFFC-7887-406B-8CB7-10DE3B93AC6D}.AppStore|iPhoneSimulator.Build.0 = AppStore|iPhoneSimulator
		{4630DFFC-7887-406B-8CB7-10DE3B93AC6D}.AppStore|iPhoneSimulator.Deploy.0 = AppStore|iPhoneSimulator
		{4630DFFC-7887-406B-8CB7-10DE3B93AC6D}.AppStore|x64.ActiveCfg = AppStore|iPhone
		{4630DFFC-7887-406B-8CB7-10DE3B93AC6D}.AppStore|x64.Build.0 = AppStore|iPhone
		{4630DFFC-7887-406B-8CB7-10DE3B93AC6D}.AppStore|x64.Deploy.0 = AppStore|iPhone
		{4630DFFC-7887-406B-8CB7-10DE3B93AC6D}.AppStore|x86.ActiveCfg = AppStore|iPhone
		{4630DFFC-7887-406B-8CB7-10DE3B93AC6D}.AppStore|x86.Build.0 = AppStore|iPhone
		{4630DFFC-7887-406B-8CB7-10DE3B93AC6D}.AppStore|x86.Deploy.0 = AppStore|iPhone
		{4630DFFC-7887-406B-8CB7-10DE3B93AC6D}.Debug|Any CPU.ActiveCfg = Debug|iPhoneSimulator
		{4630DFFC-7887-406B-8CB7-10DE3B93AC6D}.Debug|Any CPU.Build.0 = Debug|iPhoneSimulator
		{4630DFFC-7887-406B-8CB7-10DE3B93AC6D}.Debug|Any CPU.Deploy.0 = Debug|iPhoneSimulator
		{4630DFFC-7887-406B-8CB7-10DE3B93AC6D}.Debug|ARM.ActiveCfg = Debug|iPhone
		{4630DFFC-7887-406B-8CB7-10DE3B93AC6D}.Debug|ARM.Build.0 = Debug|iPhone
		{4630DFFC-7887-406B-8CB7-10DE3B93AC6D}.Debug|ARM.Deploy.0 = Debug|iPhone
		{4630DFFC-7887-406B-8CB7-10DE3B93AC6D}.Debug|iPhone.ActiveCfg = Debug|iPhone
		{4630DFFC-7887-406B-8CB7-10DE3B93AC6D}.Debug|iPhone.Build.0 = Debug|iPhone
		{4630DFFC-7887-406B-8CB7-10DE3B93AC6D}.Debug|iPhone.Deploy.0 = Debug|iPhone
		{4630DFFC-7887-406B-8CB7-10DE3B93AC6D}.Debug|iPhoneSimulator.ActiveCfg = Debug|iPhoneSimulator
		{4630DFFC-7887-406B-8CB7-10DE3B93AC6D}.Debug|iPhoneSimulator.Build.0 = Debug|iPhoneSimulator
		{4630DFFC-7887-406B-8CB7-10DE3B93AC6D}.Debug|iPhoneSimulator.Deploy.0 = Debug|iPhoneSimulator
		{4630DFFC-7887-406B-8CB7-10DE3B93AC6D}.Debug|x64.ActiveCfg = Debug|iPhone
		{4630DFFC-7887-406B-8CB7-10DE3B93AC6D}.Debug|x64.Build.0 = Debug|iPhone
		{4630DFFC-7887-406B-8CB7-10DE3B93AC6D}.Debug|x64.Deploy.0 = Debug|iPhone
		{4630DFFC-7887-406B-8CB7-10DE3B93AC6D}.Debug|x86.ActiveCfg = Debug|iPhone
		{4630DFFC-7887-406B-8CB7-10DE3B93AC6D}.Debug|x86.Build.0 = Debug|iPhone
		{4630DFFC-7887-406B-8CB7-10DE3B93AC6D}.Debug|x86.Deploy.0 = Debug|iPhone
		{4630DFFC-7887-406B-8CB7-10DE3B93AC6D}.Release|Any CPU.ActiveCfg = Release|iPhone
		{4630DFFC-7887-406B-8CB7-10DE3B93AC6D}.Release|Any CPU.Build.0 = Release|iPhone
		{4630DFFC-7887-406B-8CB7-10DE3B93AC6D}.Release|Any CPU.Deploy.0 = Release|iPhone
		{4630DFFC-7887-406B-8CB7-10DE3B93AC6D}.Release|ARM.ActiveCfg = Release|iPhone
		{4630DFFC-7887-406B-8CB7-10DE3B93AC6D}.Release|ARM.Build.0 = Release|iPhone
		{4630DFFC-7887-406B-8CB7-10DE3B93AC6D}.Release|ARM.Deploy.0 = Release|iPhone
		{4630DFFC-7887-406B-8CB7-10DE3B93AC6D}.Release|iPhone.ActiveCfg = Release|iPhone
		{4630DFFC-7887-406B-8CB7-10DE3B93AC6D}.Release|iPhone.Build.0 = Release|iPhone
		{4630DFFC-7887-406B-8CB7-10DE3B93AC6D}.Release|iPhone.Deploy.0 = Release|iPhone
		{4630DFFC-7887-406B-8CB7-10DE3B93AC6D}.Release|iPhoneSimulator.ActiveCfg = Release|iPhoneSimulator
		{4630DFFC-7887-406B-8CB7-10DE3B93AC6D}.Release|iPhoneSimulator.Build.0 = Release|iPhoneSimulator
		{4630DFFC-7887-406B-8CB7-10DE3B93AC6D}.Release|iPhoneSimulator.Deploy.0 = Release|iPhoneSimulator
		{4630DFFC-7887-406B-8CB7-10DE3B93AC6D}.Release|x64.ActiveCfg = Release|iPhone
		{4630DFFC-7887-406B-8CB7-10DE3B93AC6D}.Release|x64.Build.0 = Release|iPhone
		{4630DFFC-7887-406B-8CB7-10DE3B93AC6D}.Release|x64.Deploy.0 = Release|iPhone
		{4630DFFC-7887-406B-8CB7-10DE3B93AC6D}.Release|x86.ActiveCfg = Release|iPhone
		{4630DFFC-7887-406B-8CB7-10DE3B93AC6D}.Release|x86.Build.0 = Release|iPhone
		{4630DFFC-7887-406B-8CB7-10DE3B93AC6D}.Release|x86.Deploy.0 = Release|iPhone
		{201B6F34-ED2D-47C7-80E0-288948ACE38B}.Ad-Hoc|Any CPU.ActiveCfg = Release|x86
		{201B6F34-ED2D-47C7-80E0-288948ACE38B}.Ad-Hoc|Any CPU.Build.0 = Release|x86
		{201B6F34-ED2D-47C7-80E0-288948ACE38B}.Ad-Hoc|Any CPU.Deploy.0 = Release|x86
		{201B6F34-ED2D-47C7-80E0-288948ACE38B}.Ad-Hoc|ARM.ActiveCfg = Release|ARM
		{201B6F34-ED2D-47C7-80E0-288948ACE38B}.Ad-Hoc|ARM.Build.0 = Release|ARM
		{201B6F34-ED2D-47C7-80E0-288948ACE38B}.Ad-Hoc|ARM.Deploy.0 = Release|ARM
		{201B6F34-ED2D-47C7-80E0-288948ACE38B}.Ad-Hoc|iPhone.ActiveCfg = Release|x86
		{201B6F34-ED2D-47C7-80E0-288948ACE38B}.Ad-Hoc|iPhone.Build.0 = Release|x86
		{201B6F34-ED2D-47C7-80E0-288948ACE38B}.Ad-Hoc|iPhone.Deploy.0 = Release|x86
		{201B6F34-ED2D-47C7-80E0-288948ACE38B}.Ad-Hoc|iPhoneSimulator.ActiveCfg = Release|x86
		{201B6F34-ED2D-47C7-80E0-288948ACE38B}.Ad-Hoc|iPhoneSimulator.Build.0 = Release|x86
		{201B6F34-ED2D-47C7-80E0-288948ACE38B}.Ad-Hoc|iPhoneSimulator.Deploy.0 = Release|x86
		{201B6F34-ED2D-47C7-80E0-288948ACE38B}.Ad-Hoc|x64.ActiveCfg = Release|x64
		{201B6F34-ED2D-47C7-80E0-288948ACE38B}.Ad-Hoc|x64.Build.0 = Release|x64
		{201B6F34-ED2D-47C7-80E0-288948ACE38B}.Ad-Hoc|x64.Deploy.0 = Release|x64
		{201B6F34-ED2D-47C7-80E0-288948ACE38B}.Ad-Hoc|x86.ActiveCfg = Release|x86
		{201B6F34-ED2D-47C7-80E0-288948ACE38B}.Ad-Hoc|x86.Build.0 = Release|x86
		{201B6F34-ED2D-47C7-80E0-288948ACE38B}.Ad-Hoc|x86.Deploy.0 = Release|x86
		{201B6F34-ED2D-47C7-80E0-288948ACE38B}.AppStore|Any CPU.ActiveCfg = Release|x86
		{201B6F34-ED2D-47C7-80E0-288948ACE38B}.AppStore|Any CPU.Build.0 = Release|x86
		{201B6F34-ED2D-47C7-80E0-288948ACE38B}.AppStore|Any CPU.Deploy.0 = Release|x86
		{201B6F34-ED2D-47C7-80E0-288948ACE38B}.AppStore|ARM.ActiveCfg = Release|ARM
		{201B6F34-ED2D-47C7-80E0-288948ACE38B}.AppStore|ARM.Build.0 = Release|ARM
		{201B6F34-ED2D-47C7-80E0-288948ACE38B}.AppStore|ARM.Deploy.0 = Release|ARM
		{201B6F34-ED2D-47C7-80E0-288948ACE38B}.AppStore|iPhone.ActiveCfg = Release|x86
		{201B6F34-ED2D-47C7-80E0-288948ACE38B}.AppStore|iPhone.Build.0 = Release|x86
		{201B6F34-ED2D-47C7-80E0-288948ACE38B}.AppStore|iPhone.Deploy.0 = Release|x86
		{201B6F34-ED2D-47C7-80E0-288948ACE38B}.AppStore|iPhoneSimulator.ActiveCfg = Release|x86
		{201B6F34-ED2D-47C7-80E0-288948ACE38B}.AppStore|iPhoneSimulator.Build.0 = Release|x86
		{201B6F34-ED2D-47C7-80E0-288948ACE38B}.AppStore|iPhoneSimulator.Deploy.0 = Release|x86
		{201B6F34-ED2D-47C7-80E0-288948ACE38B}.AppStore|x64.ActiveCfg = Release|x64
		{201B6F34-ED2D-47C7-80E0-288948ACE38B}.AppStore|x64.Build.0 = Release|x64
		{201B6F34-ED2D-47C7-80E0-288948ACE38B}.AppStore|x64.Deploy.0 = Release|x64
		{201B6F34-ED2D-47C7-80E0-288948ACE38B}.AppStore|x86.ActiveCfg = Release|x86
		{201B6F34-ED2D-47C7-80E0-288948ACE38B}.AppStore|x86.Build.0 = Release|x86
		{201B6F34-ED2D-47C7-80E0-288948ACE38B}.AppStore|x86.Deploy.0 = Release|x86
		{201B6F34-ED2D-47C7-80E0-288948ACE38B}.Debug|Any CPU.ActiveCfg = Debug|x86
		{201B6F34-ED2D-47C7-80E0-288948ACE38B}.Debug|Any CPU.Build.0 = Debug|x86
		{201B6F34-ED2D-47C7-80E0-288948ACE38B}.Debug|Any CPU.Deploy.0 = Debug|x86
		{201B6F34-ED2D-47C7-80E0-288948ACE38B}.Debug|ARM.ActiveCfg = Debug|ARM
		{201B6F34-ED2D-47C7-80E0-288948ACE38B}.Debug|ARM.Build.0 = Debug|ARM
		{201B6F34-ED2D-47C7-80E0-288948ACE38B}.Debug|ARM.Deploy.0 = Debug|ARM
		{201B6F34-ED2D-47C7-80E0-288948ACE38B}.Debug|iPhone.ActiveCfg = Debug|x86
		{201B6F34-ED2D-47C7-80E0-288948ACE38B}.Debug|iPhone.Build.0 = Debug|x86
		{201B6F34-ED2D-47C7-80E0-288948ACE38B}.Debug|iPhone.Deploy.0 = Debug|x86
		{201B6F34-ED2D-47C7-80E0-288948ACE38B}.Debug|iPhoneSimulator.ActiveCfg = Debug|x86
		{201B6F34-ED2D-47C7-80E0-288948ACE38B}.Debug|iPhoneSimulator.Build.0 = Debug|x86
		{201B6F34-ED2D-47C7-80E0-288948ACE38B}.Debug|iPhoneSimulator.Deploy.0 = Debug|x86
		{201B6F34-ED2D-47C7-80E0-288948ACE38B}.Debug|x64.ActiveCfg = Debug|x64
		{201B6F34-ED2D-47C7-80E0-288948ACE38B}.Debug|x64.Build.0 = Debug|x64
		{201B6F34-ED2D-47C7-80E0-288948ACE38B}.Debug|x64.Deploy.0 = Debug|x64
		{201B6F34-ED2D-47C7-80E0-288948ACE38B}.Debug|x86.ActiveCfg = Debug|x86
		{201B6F34-ED2D-47C7-80E0-288948ACE38B}.Debug|x86.Build.0 = Debug|x86
		{201B6F34-ED2D-47C7-80E0-288948ACE38B}.Debug|x86.Deploy.0 = Debug|x86
		{201B6F34-ED2D-47C7-80E0-288948ACE38B}.Release|Any CPU.ActiveCfg = Release|x86
		{201B6F34-ED2D-47C7-80E0-288948ACE38B}.Release|Any CPU.Build.0 = Release|x86
		{201B6F34-ED2D-47C7-80E0-288948ACE38B}.Release|Any CPU.Deploy.0 = Release|x86
		{201B6F34-ED2D-47C7-80E0-288948ACE38B}.Release|ARM.ActiveCfg = Release|ARM
		{201B6F34-ED2D-47C7-80E0-288948ACE38B}.Release|ARM.Build.0 = Release|ARM
		{201B6F34-ED2D-47C7-80E0-288948ACE38B}.Release|ARM.Deploy.0 = Release|ARM
		{201B6F34-ED2D-47C7-80E0-288948ACE38B}.Release|iPhone.ActiveCfg = Release|x86
		{201B6F34-ED2D-47C7-80E0-288948ACE38B}.Release|iPhone.Build.0 = Release|x86
		{201B6F34-ED2D-47C7-80E0-288948ACE38B}.Release|iPhone.Deploy.0 = Release|x86
		{201B6F34-ED2D-47C7-80E0-288948ACE38B}.Release|iPhoneSimulator.ActiveCfg = Release|x86
		{201B6F34-ED2D-47C7-80E0-288948ACE38B}.Release|iPhoneSimulator.Build.0 = Release|x86
		{201B6F34-ED2D-47C7-80E0-288948ACE38B}.Release|iPhoneSimulator.Deploy.0 = Release|x86
		{201B6F34-ED2D-47C7-80E0-288948ACE38B}.Release|x64.ActiveCfg = Release|x64
		{201B6F34-ED2D-47C7-80E0-288948ACE38B}.Release|x64.Build.0 = Release|x64
		{201B6F34-ED2D-47C7-80E0-288948ACE38B}.Release|x64.Deploy.0 = Release|x64
		{201B6F34-ED2D-47C7-80E0-288948ACE38B}.Release|x86.ActiveCfg = Release|x86
		{201B6F34-ED2D-47C7-80E0-288948ACE38B}.Release|x86.Build.0 = Release|x86
		{201B6F34-ED2D-47C7-80E0-288948ACE38B}.Release|x86.Deploy.0 = Release|x86
	EndGlobalSection
	GlobalSection(SolutionProperties) = preSolution
		HideSolutionNode = FALSE
	EndGlobalSection
	GlobalSection(ExtensibilityGlobals) = postSolution
		SolutionGuid = {19A10B45-9961-406B-915D-2A2063C2606A}
	EndGlobalSection
EndGlobal
